
Microsoft Visual Studio Solution File, Format Version 12.00
# Visual Studio 15
VisualStudioVersion = 15.0.26124.0
MinimumVisualStudioVersion = 15.0.26124.0
Project("{2150E333-8FDC-42A3-9474-1A3956D46DE8}") = "test", "test", "{4857DF79-9A96-4E07-9972-94D515054B82}"
EndProject
Project("{FAE04EC0-301F-11D3-BF4B-00C04F79EFBC}") = "unit", "test\unit\unit.csproj", "{EA47D8C3-83CD-4BE5-9BD6-6582BC8DABC7}"
EndProject
Project("{2150E333-8FDC-42A3-9474-1A3956D46DE8}") = "src", "src", "{DC8F4004-DDD3-4992-9D16-F403E0D8E841}"
EndProject
Project("{FAE04EC0-301F-11D3-BF4B-00C04F79EFBC}") = "model", "src\model\model.csproj", "{D5619C99-F5DD-4C6C-8C64-AAE93E610B00}"
EndProject
Project("{FAE04EC0-301F-11D3-BF4B-00C04F79EFBC}") = "unit2", "test\unit2\unit2.csproj", "{A54AD687-878A-476A-910C-2A0E945B7AB3}"
EndProject
Global
	GlobalSection(SolutionConfigurationPlatforms) = preSolution
		Debug|Any CPU = Debug|Any CPU
		Debug|x64 = Debug|x64
		Debug|x86 = Debug|x86
		Release|Any CPU = Release|Any CPU
		Release|x64 = Release|x64
		Release|x86 = Release|x86
	EndGlobalSection
	GlobalSection(SolutionProperties) = preSolution
		HideSolutionNode = FALSE
	EndGlobalSection
	GlobalSection(ProjectConfigurationPlatforms) = postSolution
		{EA47D8C3-83CD-4BE5-9BD6-6582BC8DABC7}.Debug|Any CPU.ActiveCfg = Debug|Any CPU
		{EA47D8C3-83CD-4BE5-9BD6-6582BC8DABC7}.Debug|Any CPU.Build.0 = Debug|Any CPU
		{EA47D8C3-83CD-4BE5-9BD6-6582BC8DABC7}.Debug|x64.ActiveCfg = Debug|x64
		{EA47D8C3-83CD-4BE5-9BD6-6582BC8DABC7}.Debug|x64.Build.0 = Debug|x64
		{EA47D8C3-83CD-4BE5-9BD6-6582BC8DABC7}.Debug|x86.ActiveCfg = Debug|x86
		{EA47D8C3-83CD-4BE5-9BD6-6582BC8DABC7}.Debug|x86.Build.0 = Debug|x86
		{EA47D8C3-83CD-4BE5-9BD6-6582BC8DABC7}.Release|Any CPU.ActiveCfg = Release|Any CPU
		{EA47D8C3-83CD-4BE5-9BD6-6582BC8DABC7}.Release|Any CPU.Build.0 = Release|Any CPU
		{EA47D8C3-83CD-4BE5-9BD6-6582BC8DABC7}.Release|x64.ActiveCfg = Release|x64
		{EA47D8C3-83CD-4BE5-9BD6-6582BC8DABC7}.Release|x64.Build.0 = Release|x64
		{EA47D8C3-83CD-4BE5-9BD6-6582BC8DABC7}.Release|x86.ActiveCfg = Release|x86
		{EA47D8C3-83CD-4BE5-9BD6-6582BC8DABC7}.Release|x86.Build.0 = Release|x86
		{D5619C99-F5DD-4C6C-8C64-AAE93E610B00}.Debug|Any CPU.ActiveCfg = Debug|Any CPU
		{D5619C99-F5DD-4C6C-8C64-AAE93E610B00}.Debug|Any CPU.Build.0 = Debug|Any CPU
		{D5619C99-F5DD-4C6C-8C64-AAE93E610B00}.Debug|x64.ActiveCfg = Debug|x64
		{D5619C99-F5DD-4C6C-8C64-AAE93E610B00}.Debug|x64.Build.0 = Debug|x64
		{D5619C99-F5DD-4C6C-8C64-AAE93E610B00}.Debug|x86.ActiveCfg = Debug|x86
		{D5619C99-F5DD-4C6C-8C64-AAE93E610B00}.Debug|x86.Build.0 = Debug|x86
		{D5619C99-F5DD-4C6C-8C64-AAE93E610B00}.Release|Any CPU.ActiveCfg = Release|Any CPU
		{D5619C99-F5DD-4C6C-8C64-AAE93E610B00}.Release|Any CPU.Build.0 = Release|Any CPU
		{D5619C99-F5DD-4C6C-8C64-AAE93E610B00}.Release|x64.ActiveCfg = Release|x64
		{D5619C99-F5DD-4C6C-8C64-AAE93E610B00}.Release|x64.Build.0 = Release|x64
		{D5619C99-F5DD-4C6C-8C64-AAE93E610B00}.Release|x86.ActiveCfg = Release|x86
		{D5619C99-F5DD-4C6C-8C64-AAE93E610B00}.Release|x86.Build.0 = Release|x86
		{A54AD687-878A-476A-910C-2A0E945B7AB3}.Debug|Any CPU.ActiveCfg = Debug|Any CPU
		{A54AD687-878A-476A-910C-2A0E945B7AB3}.Debug|Any CPU.Build.0 = Debug|Any CPU
		{A54AD687-878A-476A-910C-2A0E945B7AB3}.Debug|x64.ActiveCfg = Debug|x64
		{A54AD687-878A-476A-910C-2A0E945B7AB3}.Debug|x64.Build.0 = Debug|x64
		{A54AD687-878A-476A-910C-2A0E945B7AB3}.Debug|x86.ActiveCfg = Debug|x86
		{A54AD687-878A-476A-910C-2A0E945B7AB3}.Debug|x86.Build.0 = Debug|x86
		{A54AD687-878A-476A-910C-2A0E945B7AB3}.Release|Any CPU.ActiveCfg = Release|Any CPU
		{A54AD687-878A-476A-910C-2A0E945B7AB3}.Release|Any CPU.Build.0 = Release|Any CPU
		{A54AD687-878A-476A-910C-2A0E945B7AB3}.Release|x64.ActiveCfg = Release|x64
		{A54AD687-878A-476A-910C-2A0E945B7AB3}.Release|x64.Build.0 = Release|x64
		{A54AD687-878A-476A-910C-2A0E945B7AB3}.Release|x86.ActiveCfg = Release|x86
		{A54AD687-878A-476A-910C-2A0E945B7AB3}.Release|x86.Build.0 = Release|x86
	EndGlobalSection
	GlobalSection(NestedProjects) = preSolution
		{EA47D8C3-83CD-4BE5-9BD6-6582BC8DABC7} = {4857DF79-9A96-4E07-9972-94D515054B82}
		{D5619C99-F5DD-4C6C-8C64-AAE93E610B00} = {DC8F4004-DDD3-4992-9D16-F403E0D8E841}
		{A54AD687-878A-476A-910C-2A0E945B7AB3} = {4857DF79-9A96-4E07-9972-94D515054B82}
	EndGlobalSection
EndGlobal
